
Microsoft Visual Studio Solution File, Format Version 12.00
# Visual Studio Version 16
VisualStudioVersion = 16.0.29306.81
MinimumVisualStudioVersion = 10.0.40219.1
Project("{FAE04EC0-301F-11D3-BF4B-00C04F79EFBC}") = "VsTestBatches", "VsTestBatches\VsTestBatches.csproj", "{C7583251-7A35-4D11-A0CC-5D4B038B44B8}"
EndProject
Project("{FAE04EC0-301F-11D3-BF4B-00C04F79EFBC}") = "VsTestsBatches.Tests", "VsTestsBatches.Tests\VsTestsBatches.Tests.csproj", "{DDDB63D8-B72E-450F-89BC-72D80DACDC50}"
EndProject
Global
	GlobalSection(SolutionConfigurationPlatforms) = preSolution
		Debug|Any CPU = Debug|Any CPU
		Release|Any CPU = Release|Any CPU
	EndGlobalSection
	GlobalSection(ProjectConfigurationPlatforms) = postSolution
		{C7583251-7A35-4D11-A0CC-5D4B038B44B8}.Debug|Any CPU.ActiveCfg = Debug|Any CPU
		{C7583251-7A35-4D11-A0CC-5D4B038B44B8}.Debug|Any CPU.Build.0 = Debug|Any CPU
		{C7583251-7A35-4D11-A0CC-5D4B038B44B8}.Release|Any CPU.ActiveCfg = Release|Any CPU
		{C7583251-7A35-4D11-A0CC-5D4B038B44B8}.Release|Any CPU.Build.0 = Release|Any CPU
		{DDDB63D8-B72E-450F-89BC-72D80DACDC50}.Debug|Any CPU.ActiveCfg = Debug|Any CPU
		{DDDB63D8-B72E-450F-89BC-72D80DACDC50}.Debug|Any CPU.Build.0 = Debug|Any CPU
		{DDDB63D8-B72E-450F-89BC-72D80DACDC50}.Release|Any CPU.ActiveCfg = Release|Any CPU
		{DDDB63D8-B72E-450F-89BC-72D80DACDC50}.Release|Any CPU.Build.0 = Release|Any CPU
	EndGlobalSection
	GlobalSection(SolutionProperties) = preSolution
		HideSolutionNode = FALSE
	EndGlobalSection
	GlobalSection(ExtensibilityGlobals) = postSolution
		SolutionGuid = {F52AEC47-391B-4F08-9AB6-17408F077B7D}
	EndGlobalSection
EndGlobal
